github.com/bjarneh/latinx v0.0.0-20120329061922-4dfe9ba2a293 h1:kQGfMtLkjk7aSGf4REldBRcip+25SRGmOWHHjGaZZXM=
github.com/bjarneh/latinx v0.0.0-20120329061922-4dfe9ba2a293/go.mod h1:HdstVrPoCN+CT+wHjeU6juUog6IM+EShcDoARBbc7cU=
golang.org/x/text v0.16.0 h1:a94ExnEXNtEwYLGJSIUxnWoxoRz/ZcCsV63ROupILh4=
golang.org/x/text v0.16.0/go.mod h1:GhwF1Be+LQoKShO3cGOHzqOgRrGaYc9AvblQOmPVHnI=
